
Microsoft Visual Studio Solution File, Format Version 12.00
# Visual Studio Version 16
VisualStudioVersion = 16.0.32602.291
MinimumVisualStudioVersion = 10.0.40219.1
Project("{FAE04EC0-301F-11D3-BF4B-00C04F79EFBC}") = "EComWebApplication", "EComWebApplication.csproj", "{64EE03C7-415B-4ECC-97B4-71DF9798EAB9}"
EndProject
Global
	GlobalSection(SolutionConfigurationPlatforms) = preSolution
		Debug|Any CPU = Debug|Any CPU
		Release|Any CPU = Release|Any CPU
	EndGlobalSection
	GlobalSection(ProjectConfigurationPlatforms) = postSolution
		{64EE03C7-415B-4ECC-97B4-71DF9798EAB9}.Debug|Any CPU.ActiveCfg = Debug|Any CPU
		{64EE03C7-415B-4ECC-97B4-71DF9798EAB9}.Debug|Any CPU.Build.0 = Debug|Any CPU
		{64EE03C7-415B-4ECC-97B4-71DF9798EAB9}.Release|Any CPU.ActiveCfg = Release|Any CPU
		{64EE03C7-415B-4ECC-97B4-71DF9798EAB9}.Release|Any CPU.Build.0 = Release|Any CPU
	EndGlobalSection
	GlobalSection(SolutionProperties) = preSolution
		HideSolutionNode = FALSE
	EndGlobalSection
	GlobalSection(ExtensibilityGlobals) = postSolution
		SolutionGuid = {5921B72C-48C0-4473-87DD-7EE66EE0ECA8}
	EndGlobalSection
EndGlobal
